
Microsoft Visual Studio Solution File, Format Version 11.00
# Visual Studio 2010
Project("{FAE04EC0-301F-11D3-BF4B-00C04F79EFBC}") = "flowerkiller", "Assembly-CSharp-firstpass.csproj", "{5B94A87D-EB64-5276-5AE0-D42E1DF62BB5}"
EndProject
Project("{FAE04EC0-301F-11D3-BF4B-00C04F79EFBC}") = "flowerkiller", "Assembly-CSharp.csproj", "{7AB03609-6283-150D-719B-CC9B67D67FA5}"
EndProject
Project("{FAE04EC0-301F-11D3-BF4B-00C04F79EFBC}") = "flowerkiller", "Assembly-CSharp-Editor-firstpass.csproj", "{90B33D70-164A-AEF0-FBA4-0CC9D4D46E71}"
EndProject
Global
	GlobalSection(SolutionConfigurationPlatforms) = preSolution
		Debug|Any CPU = Debug|Any CPU
		Release|Any CPU = Release|Any CPU
	EndGlobalSection
	GlobalSection(ProjectConfigurationPlatforms) = postSolution
		{5B94A87D-EB64-5276-5AE0-D42E1DF62BB5}.Debug|Any CPU.ActiveCfg = Debug|Any CPU
		{5B94A87D-EB64-5276-5AE0-D42E1DF62BB5}.Debug|Any CPU.Build.0 = Debug|Any CPU
		{5B94A87D-EB64-5276-5AE0-D42E1DF62BB5}.Release|Any CPU.ActiveCfg = Release|Any CPU
		{5B94A87D-EB64-5276-5AE0-D42E1DF62BB5}.Release|Any CPU.Build.0 = Release|Any CPU
		{7AB03609-6283-150D-719B-CC9B67D67FA5}.Debug|Any CPU.ActiveCfg = Debug|Any CPU
		{7AB03609-6283-150D-719B-CC9B67D67FA5}.Debug|Any CPU.Build.0 = Debug|Any CPU
		{7AB03609-6283-150D-719B-CC9B67D67FA5}.Release|Any CPU.ActiveCfg = Release|Any CPU
		{7AB03609-6283-150D-719B-CC9B67D67FA5}.Release|Any CPU.Build.0 = Release|Any CPU
		{90B33D70-164A-AEF0-FBA4-0CC9D4D46E71}.Debug|Any CPU.ActiveCfg = Debug|Any CPU
		{90B33D70-164A-AEF0-FBA4-0CC9D4D46E71}.Debug|Any CPU.Build.0 = Debug|Any CPU
		{90B33D70-164A-AEF0-FBA4-0CC9D4D46E71}.Release|Any CPU.ActiveCfg = Release|Any CPU
		{90B33D70-164A-AEF0-FBA4-0CC9D4D46E71}.Release|Any CPU.Build.0 = Release|Any CPU
	EndGlobalSection
	GlobalSection(SolutionProperties) = preSolution
		HideSolutionNode = FALSE
	EndGlobalSection
	GlobalSection(MonoDevelopProperties) = preSolution
		StartupItem = Assembly-CSharp.csproj
	EndGlobalSection
EndGlobal
